
Microsoft Visual Studio Solution File, Format Version 12.00
Project("{2150E333-8FDC-42A3-9474-1A3956D46DE8}") = "src", "src", "{DA802A4A-543D-4493-9C87-2D586AC16D59}"
EndProject
Project("{FAE04EC0-301F-11D3-BF4B-00C04F79EFBC}") = "CosmosLab.Functions", "src\CosmosLab.Functions\CosmosLab.Functions.csproj", "{96B11659-A31A-4F97-A6F9-BE6C8E7E4F33}"
EndProject
Project("{FAE04EC0-301F-11D3-BF4B-00C04F79EFBC}") = "CosmosLab.EntityFramework", "src\CosmosLab.EntityFramework\CosmosLab.EntityFramework.csproj", "{54735C98-2545-4CD6-A7D7-0EC24BE45E0F}"
EndProject
Project("{FAE04EC0-301F-11D3-BF4B-00C04F79EFBC}") = "CosmosLab.CosmosSDK", "src\CosmosLab.CosmosSDK\CosmosLab.CosmosSDK.csproj", "{B0699470-797C-4546-9E47-BCA0D69B8AA7}"
EndProject
Project("{FAE04EC0-301F-11D3-BF4B-00C04F79EFBC}") = "CosmosLab.Console.StressTest", "src\CosmosLab.Console.StressTest\CosmosLab.Console.StressTest.csproj", "{40716056-4E27-4AAA-88A2-18CCEA41ED64}"
EndProject
Global
	GlobalSection(SolutionConfigurationPlatforms) = preSolution
		Debug|Any CPU = Debug|Any CPU
		Release|Any CPU = Release|Any CPU
	EndGlobalSection
	GlobalSection(NestedProjects) = preSolution
		{96B11659-A31A-4F97-A6F9-BE6C8E7E4F33} = {DA802A4A-543D-4493-9C87-2D586AC16D59}
		{54735C98-2545-4CD6-A7D7-0EC24BE45E0F} = {DA802A4A-543D-4493-9C87-2D586AC16D59}
		{B0699470-797C-4546-9E47-BCA0D69B8AA7} = {DA802A4A-543D-4493-9C87-2D586AC16D59}
		{40716056-4E27-4AAA-88A2-18CCEA41ED64} = {DA802A4A-543D-4493-9C87-2D586AC16D59}
	EndGlobalSection
	GlobalSection(ProjectConfigurationPlatforms) = postSolution
		{96B11659-A31A-4F97-A6F9-BE6C8E7E4F33}.Debug|Any CPU.ActiveCfg = Debug|Any CPU
		{96B11659-A31A-4F97-A6F9-BE6C8E7E4F33}.Debug|Any CPU.Build.0 = Debug|Any CPU
		{96B11659-A31A-4F97-A6F9-BE6C8E7E4F33}.Release|Any CPU.ActiveCfg = Release|Any CPU
		{96B11659-A31A-4F97-A6F9-BE6C8E7E4F33}.Release|Any CPU.Build.0 = Release|Any CPU
		{54735C98-2545-4CD6-A7D7-0EC24BE45E0F}.Debug|Any CPU.ActiveCfg = Debug|Any CPU
		{54735C98-2545-4CD6-A7D7-0EC24BE45E0F}.Debug|Any CPU.Build.0 = Debug|Any CPU
		{54735C98-2545-4CD6-A7D7-0EC24BE45E0F}.Release|Any CPU.ActiveCfg = Release|Any CPU
		{54735C98-2545-4CD6-A7D7-0EC24BE45E0F}.Release|Any CPU.Build.0 = Release|Any CPU
		{B0699470-797C-4546-9E47-BCA0D69B8AA7}.Debug|Any CPU.ActiveCfg = Debug|Any CPU
		{B0699470-797C-4546-9E47-BCA0D69B8AA7}.Debug|Any CPU.Build.0 = Debug|Any CPU
		{B0699470-797C-4546-9E47-BCA0D69B8AA7}.Release|Any CPU.ActiveCfg = Release|Any CPU
		{B0699470-797C-4546-9E47-BCA0D69B8AA7}.Release|Any CPU.Build.0 = Release|Any CPU
		{40716056-4E27-4AAA-88A2-18CCEA41ED64}.Debug|Any CPU.ActiveCfg = Debug|Any CPU
		{40716056-4E27-4AAA-88A2-18CCEA41ED64}.Debug|Any CPU.Build.0 = Debug|Any CPU
		{40716056-4E27-4AAA-88A2-18CCEA41ED64}.Release|Any CPU.ActiveCfg = Release|Any CPU
		{40716056-4E27-4AAA-88A2-18CCEA41ED64}.Release|Any CPU.Build.0 = Release|Any CPU
	EndGlobalSection
EndGlobal
